
Microsoft Visual Studio Solution File, Format Version 12.00
# Visual Studio 15
VisualStudioVersion = 15.0.28010.2050
MinimumVisualStudioVersion = 10.0.40219.1
Project("{FAE04EC0-301F-11D3-BF4B-00C04F79EFBC}") = "KDTask", "KDTask\KDTask.csproj", "{4AB76E29-ABA9-4F96-B51B-3CEC364F4041}"
EndProject
Global
	GlobalSection(SolutionConfigurationPlatforms) = preSolution
		Debug|Any CPU = Debug|Any CPU
		Release|Any CPU = Release|Any CPU
	EndGlobalSection
	GlobalSection(ProjectConfigurationPlatforms) = postSolution
		{4AB76E29-ABA9-4F96-B51B-3CEC364F4041}.Debug|Any CPU.ActiveCfg = Debug|Any CPU
		{4AB76E29-ABA9-4F96-B51B-3CEC364F4041}.Debug|Any CPU.Build.0 = Debug|Any CPU
		{4AB76E29-ABA9-4F96-B51B-3CEC364F4041}.Release|Any CPU.ActiveCfg = Release|Any CPU
		{4AB76E29-ABA9-4F96-B51B-3CEC364F4041}.Release|Any CPU.Build.0 = Release|Any CPU
	EndGlobalSection
	GlobalSection(SolutionProperties) = preSolution
		HideSolutionNode = FALSE
	EndGlobalSection
	GlobalSection(ExtensibilityGlobals) = postSolution
		SolutionGuid = {0E9632C1-7761-40A5-AA30-78FF3AA57E52}
	EndGlobalSection
EndGlobal
